// !$*UTF8*$!
{
	archiveVersion = 1;
	classes = {
	};
	objectVersion = 46;
	objects = {

/* Begin PBXBuildFile section */
		997954381D46530B009387C7 /* AppDelegate.swift in Sources */ = {isa = PBXBuildFile; fileRef = 997954371D46530B009387C7 /* AppDelegate.swift */; };
		9979543A1D46530B009387C7 /* ViewController.swift in Sources */ = {isa = PBXBuildFile; fileRef = 997954391D46530B009387C7 /* ViewController.swift */; };
		9979543D1D46530B009387C7 /* Main.storyboard in Resources */ = {isa = PBXBuildFile; fileRef = 9979543B1D46530B009387C7 /* Main.storyboard */; };
		9979543F1D46530B009387C7 /* Assets.xcassets in Resources */ = {isa = PBXBuildFile; fileRef = 9979543E1D46530B009387C7 /* Assets.xcassets */; };
		997954421D46530B009387C7 /* LaunchScreen.storyboard in Resources */ = {isa = PBXBuildFile; fileRef = 997954401D46530B009387C7 /* LaunchScreen.storyboard */; };
		9979544D1D46530B009387C7 /* FirstKadaiAppTests.swift in Sources */ = {isa = PBXBuildFile; fileRef = 9979544C1D46530B009387C7 /* FirstKadaiAppTests.swift */; };
		997954581D46530B009387C7 /* FirstKadaiAppUITests.swift in Sources */ = {isa = PBXBuildFile; fileRef = 997954571D46530B009387C7 /* FirstKadaiAppUITests.swift */; };
/* End PBXBuildFile section */

/* Begin PBXContainerItemProxy section */
		997954491D46530B009387C7 /* PBXContainerItemProxy */ = {
			isa = PBXContainerItemProxy;
			containerPortal = 9979542C1D46530B009387C7 /* Project object */;
			proxyType = 1;
			remoteGlobalIDString = 997954331D46530B009387C7;
			remoteInfo = FirstKadaiApp;
		};
		997954541D46530B009387C7 /* PBXContainerItemProxy */ = {
			isa = PBXContainerItemProxy;
			containerPortal = 9979542C1D46530B009387C7 /* Project object */;
			proxyType = 1;
			remoteGlobalIDString = 997954331D46530B009387C7;
			remoteInfo = FirstKadaiApp;
		};
/* End PBXContainerItemProxy section */

/* Begin PBXFileReference section */
		997954341D46530B009387C7 /* FirstKadaiApp.app */ = {isa = PBXFileReference; explicitFileType = wrapper.application; includeInIndex = 0; path = FirstKadaiApp.app; sourceTree = BUILT_PRODUCTS_DIR; };
		997954371D46530B009387C7 /* AppDelegate.swift */ = {isa = PBXFileReference; lastKnownFileType = sourcecode.swift; path = AppDelegate.swift; sourceTree = "<group>"; };
		997954391D46530B009387C7 /* ViewController.swift */ = {isa = PBXFileReference; lastKnownFileType = sourcecode.swift; path = ViewController.swift; sourceTree = "<group>"; };
		9979543C1D46530B009387C7 /* Base */ = {isa = PBXFileReference; lastKnownFileType = file.storyboard; name = Base; path = Base.lproj/Main.storyboard; sourceTree = "<group>"; };
		9979543E1D46530B009387C7 /* Assets.xcassets */ = {isa = PBXFileReference; lastKnownFileType = folder.assetcatalog; path = Assets.xcassets; sourceTree = "<group>"; };
		997954411D46530B009387C7 /* Base */ = {isa = PBXFileReference; lastKnownFileType = file.storyboard; name = Base; path = Base.lproj/LaunchScreen.storyboard; sourceTree = "<group>"; };
		997954431D46530B009387C7 /* Info.plist */ = {isa = PBXFileReference; lastKnownFileType = text.plist.xml; path = Info.plist; sourceTree = "<group>"; };
		997954481D46530B009387C7 /* FirstKadaiAppTests.xctest */ = {isa = PBXFileReference; explicitFileType = wrapper.cfbundle; includeInIndex = 0; path = FirstKadaiAppTests.xctest; sourceTree = BUILT_PRODUCTS_DIR; };
		9979544C1D46530B009387C7 /* FirstKadaiAppTests.swift */ = {isa = PBXFileReference; lastKnownFileType = sourcecode.swift; path = FirstKadaiAppTests.swift; sourceTree = "<group>"; };
		9979544E1D46530B009387C7 /* Info.plist */ = {isa = PBXFileReference; lastKnownFileType = text.plist.xml; path = Info.plist; sourceTree = "<group>"; };
		997954531D46530B009387C7 /* FirstKadaiAppUITests.xctest */ = {isa = PBXFileReference; explicitFileType = wrapper.cfbundle; includeInIndex = 0; path = FirstKadaiAppUITests.xctest; sourceTree = BUILT_PRODUCTS_DIR; };
		997954571D46530B009387C7 /* FirstKadaiAppUITests.swift */ = {isa = PBXFileReference; lastKnownFileType = sourcecode.swift; path = FirstKadaiAppUITests.swift; sourceTree = "<group>"; };
		997954591D46530B009387C7 /* Info.plist */ = {isa = PBXFileReference; lastKnownFileType = text.plist.xml; path = Info.plist; sourceTree = "<group>"; };
/* End PBXFileReference section */

/* Begin PBXFrameworksBuildPhase section */
		997954311D46530B009387C7 /* Frameworks */ = {
			isa = PBXFrameworksBuildPhase;
			buildActionMask = 2147483647;
			files = (
			);
			runOnlyForDeploymentPostprocessing = 0;
		};
		997954451D46530B009387C7 /* Frameworks */ = {
			isa = PBXFrameworksBuildPhase;
			buildActionMask = 2147483647;
			files = (
			);
			runOnlyForDeploymentPostprocessing = 0;
		};
		997954501D46530B009387C7 /* Frameworks */ = {
			isa = PBXFrameworksBuildPhase;
			buildActionMask = 2147483647;
			files = (
			);
			runOnlyForDeploymentPostprocessing = 0;
		};
/* End PBXFrameworksBuildPhase section */

/* Begin PBXGroup section */
		9979542B1D46530B009387C7 = {
			isa = PBXGroup;
			children = (
				997954361D46530B009387C7 /* FirstKadaiApp */,
				9979544B1D46530B009387C7 /* FirstKadaiAppTests */,
				997954561D46530B009387C7 /* FirstKadaiAppUITests */,
				997954351D46530B009387C7 /* Products */,
			);
			sourceTree = "<group>";
		};
		997954351D46530B009387C7 /* Products */ = {
			isa = PBXGroup;
			children = (
				997954341D46530B009387C7 /* FirstKadaiApp.app */,
				997954481D46530B009387C7 /* FirstKadaiAppTests.xctest */,
				997954531D46530B009387C7 /* FirstKadaiAppUITests.xctest */,
			);
			name = Products;
			sourceTree = "<group>";
		};
		997954361D46530B009387C7 /* FirstKadaiApp */ = {
			isa = PBXGroup;
			children = (
				997954371D46530B009387C7 /* AppDelegate.swift */,
				997954391D46530B009387C7 /* ViewController.swift */,
				9979543B1D46530B009387C7 /* Main.storyboard */,
				9979543E1D46530B009387C7 /* Assets.xcassets */,
				997954401D46530B009387C7 /* LaunchScreen.storyboard */,
				997954431D46530B009387C7 /* Info.plist */,
			);
			path = FirstKadaiApp;
			sourceTree = "<group>";
		};
		9979544B1D46530B009387C7 /* FirstKadaiAppTests */ = {
			isa = PBXGroup;
			children = (
				9979544C1D46530B009387C7 /* FirstKadaiAppTests.swift */,
				9979544E1D46530B009387C7 /* Info.plist */,
			);
			path = FirstKadaiAppTests;
			sourceTree = "<group>";
		};
		997954561D46530B009387C7 /* FirstKadaiAppUITests */ = {
			isa = PBXGroup;
			children = (
				997954571D46530B009387C7 /* FirstKadaiAppUITests.swift */,
				997954591D46530B009387C7 /* Info.plist */,
			);
			path = FirstKadaiAppUITests;
			sourceTree = "<group>";
		};
/* End PBXGroup section */

/* Begin PBXNativeTarget section */
		997954331D46530B009387C7 /* FirstKadaiApp */ = {
			isa = PBXNativeTarget;
			buildConfigurationList = 9979545C1D46530B009387C7 /* Build configuration list for PBXNativeTarget "FirstKadaiApp" */;
			buildPhases = (
				997954301D46530B009387C7 /* Sources */,
				997954311D46530B009387C7 /* Frameworks */,
				997954321D46530B009387C7 /* Resources */,
			);
			buildRules = (
			);
			dependencies = (
			);
			name = FirstKadaiApp;
			productName = FirstKadaiApp;
			productReference = 997954341D46530B009387C7 /* FirstKadaiApp.app */;
			productType = "com.apple.product-type.application";
		};
		997954471D46530B009387C7 /* FirstKadaiAppTests */ = {
			isa = PBXNativeTarget;
			buildConfigurationList = 9979545F1D46530B009387C7 /* Build configuration list for PBXNativeTarget "FirstKadaiAppTests" */;
			buildPhases = (
				997954441D46530B009387C7 /* Sources */,
				997954451D46530B009387C7 /* Frameworks */,
				997954461D46530B009387C7 /* Resources */,
			);
			buildRules = (
			);
			dependencies = (
				9979544A1D46530B009387C7 /* PBXTargetDependency */,
			);
			name = FirstKadaiAppTests;
			productName = FirstKadaiAppTests;
			productReference = 997954481D46530B009387C7 /* FirstKadaiAppTests.xctest */;
			productType = "com.apple.product-type.bundle.unit-test";
		};
		997954521D46530B009387C7 /* FirstKadaiAppUITests */ = {
			isa = PBXNativeTarget;
			buildConfigurationList = 997954621D46530B009387C7 /* Build configuration list for PBXNativeTarget "FirstKadaiAppUITests" */;
			buildPhases = (
				9979544F1D46530B009387C7 /* Sources */,
				997954501D46530B009387C7 /* Frameworks */,
				997954511D46530B009387C7 /* Resources */,
			);
			buildRules = (
			);
			dependencies = (
				997954551D46530B009387C7 /* PBXTargetDependency */,
			);
			name = FirstKadaiAppUITests;
			productName = FirstKadaiAppUITests;
			productReference = 997954531D46530B009387C7 /* FirstKadaiAppUITests.xctest */;
			productType = "com.apple.product-type.bundle.ui-testing";
		};
/* End PBXNativeTarget section */

/* Begin PBXProject section */
		9979542C1D46530B009387C7 /* Project object */ = {
			isa = PBXProject;
			attributes = {
				LastSwiftUpdateCheck = 0730;
				LastUpgradeCheck = 0730;
				ORGANIZATIONNAME = ryosuke.hirate;
				TargetAttributes = {
					997954331D46530B009387C7 = {
						CreatedOnToolsVersion = 7.3.1;
						DevelopmentTeam = 5UCUSW845X;
					};
					997954471D46530B009387C7 = {
						CreatedOnToolsVersion = 7.3.1;
						DevelopmentTeam = 5UCUSW845X;
						TestTargetID = 997954331D46530B009387C7;
					};
					997954521D46530B009387C7 = {
						CreatedOnToolsVersion = 7.3.1;
						DevelopmentTeam = 5UCUSW845X;
						TestTargetID = 997954331D46530B009387C7;
					};
				};
			};
			buildConfigurationList = 9979542F1D46530B009387C7 /* Build configuration list for PBXProject "FirstKadaiApp" */;
			compatibilityVersion = "Xcode 3.2";
			developmentRegion = English;
			hasScannedForEncodings = 0;
			knownRegions = (
				en,
				Base,
			);
			mainGroup = 9979542B1D46530B009387C7;
			productRefGroup = 997954351D46530B009387C7 /* Products */;
			projectDirPath = "";
			projectRoot = "";
			targets = (
				997954331D46530B009387C7 /* FirstKadaiApp */,
				997954471D46530B009387C7 /* FirstKadaiAppTests */,
				997954521D46530B009387C7 /* FirstKadaiAppUITests */,
			);
		};
/* End PBXProject section */

/* Begin PBXResourcesBuildPhase section */
		997954321D46530B009387C7 /* Resources */ = {
			isa = PBXResourcesBuildPhase;
			buildActionMask = 2147483647;
			files = (
				997954421D46530B009387C7 /* LaunchScreen.storyboard in Resources */,
				9979543F1D46530B009387C7 /* Assets.xcassets in Resources */,
				9979543D1D46530B009387C7 /* Main.storyboard in Resources */,
			);
			runOnlyForDeploymentPostprocessing = 0;
		};
		997954461D46530B009387C7 /* Resources */ = {
			isa = PBXResourcesBuildPhase;
			buildActionMask = 2147483647;
			files = (
			);
			runOnlyForDeploymentPostprocessing = 0;
		};
		997954511D46530B009387C7 /* Resources */ = {
			isa = PBXResourcesBuildPhase;
			buildActionMask = 2147483647;
			files = (
			);
			runOnlyForDeploymentPostprocessing = 0;
		};
/* End PBXResourcesBuildPhase section */

/* Begin PBXSourcesBuildPhase section */
		997954301D46530B009387C7 /* Sources */ = {
			isa = PBXSourcesBuildPhase;
			buildActionMask = 2147483647;
			files = (
				9979543A1D46530B009387C7 /* ViewController.swift in Sources */,
				997954381D46530B009387C7 /* AppDelegate.swift in Sources */,
			);
			runOnlyForDeploymentPostprocessing = 0;
		};
		997954441D46530B009387C7 /* Sources */ = {
			isa = PBXSourcesBuildPhase;
			buildActionMask = 2147483647;
			files = (
				9979544D1D46530B009387C7 /* FirstKadaiAppTests.swift in Sources */,
			);
			runOnlyForDeploymentPostprocessing = 0;
		};
		9979544F1D46530B009387C7 /* Sources */ = {
			isa = PBXSourcesBuildPhase;
			buildActionMask = 2147483647;
			files = (
				997954581D46530B009387C7 /* FirstKadaiAppUITests.swift in Sources */,
			);
			runOnlyForDeploymentPostprocessing = 0;
		};
/* End PBXSourcesBuildPhase section */

/* Begin PBXTargetDependency section */
		9979544A1D46530B009387C7 /* PBXTargetDependency */ = {
			isa = PBXTargetDependency;
			target = 997954331D46530B009387C7 /* FirstKadaiApp */;
			targetProxy = 997954491D46530B009387C7 /* PBXContainerItemProxy */;
		};
		997954551D46530B009387C7 /* PBXTargetDependency */ = {
			isa = PBXTargetDependency;
			target = 997954331D46530B009387C7 /* FirstKadaiApp */;
			targetProxy = 997954541D46530B009387C7 /* PBXContainerItemProxy */;
		};
/* End PBXTargetDependency section */

/* Begin PBXVariantGroup section */
		9979543B1D46530B009387C7 /* Main.storyboard */ = {
			isa = PBXVariantGroup;
			children = (
				9979543C1D46530B009387C7 /* Base */,
			);
			name = Main.storyboard;
			sourceTree = "<group>";
		};
		997954401D46530B009387C7 /* LaunchScreen.storyboard */ = {
			isa = PBXVariantGroup;
			children = (
				997954411D46530B009387C7 /* Base */,
			);
			name = LaunchScreen.storyboard;
			sourceTree = "<group>";
		};
/* End PBXVariantGroup section */

/* Begin XCBuildConfiguration section */
		9979545A1D46530B009387C7 /* Debug */ = {
			isa = XCBuildConfiguration;
			buildSettings = {
				ALWAYS_SEARCH_USER_PATHS = NO;
				CLANG_ANALYZER_NONNULL = YES;
				CLANG_CXX_LANGUAGE_STANDARD = "gnu++0x";
				CLANG_CXX_LIBRARY = "libc++";
				CLANG_ENABLE_MODULES = YES;
				CLANG_ENABLE_OBJC_ARC = YES;
				CLANG_WARN_BOOL_CONVERSION = YES;
				CLANG_WARN_CONSTANT_CONVERSION = YES;
				CLANG_WARN_DIRECT_OBJC_ISA_USAGE = YES_ERROR;
				CLANG_WARN_EMPTY_BODY = YES;
				CLANG_WARN_ENUM_CONVERSION = YES;
				CLANG_WARN_INT_CONVERSION = YES;
				CLANG_WARN_OBJC_ROOT_CLASS = YES_ERROR;
				CLANG_WARN_UNREACHABLE_CODE = YES;
				CLANG_WARN__DUPLICATE_METHOD_MATCH = YES;
				"CODE_SIGN_IDENTITY[sdk=iphoneos*]" = "iPhone Developer";
				COPY_PHASE_STRIP = NO;
				DEBUG_INFORMATION_FORMAT = dwarf;
				ENABLE_STRICT_OBJC_MSGSEND = YES;
				ENABLE_TESTABILITY = YES;
				GCC_C_LANGUAGE_STANDARD = gnu99;
				GCC_DYNAMIC_NO_PIC = NO;
				GCC_NO_COMMON_BLOCKS = YES;
				GCC_OPTIMIZATION_LEVEL = 0;
				GCC_PREPROCESSOR_DEFINITIONS = (
					"DEBUG=1",
					"$(inherited)",
				);
				GCC_WARN_64_TO_32_BIT_CONVERSION = YES;
				GCC_WARN_ABOUT_RETURN_TYPE = YES_ERROR;
				GCC_WARN_UNDECLARED_SELECTOR = YES;
				GCC_WARN_UNINITIALIZED_AUTOS = YES_AGGRESSIVE;
				GCC_WARN_UNUSED_FUNCTION = YES;
				GCC_WARN_UNUSED_VARIABLE = YES;
				IPHONEOS_DEPLOYMENT_TARGET = 9.3;
				MTL_ENABLE_DEBUG_INFO = YES;
				ONLY_ACTIVE_ARCH = YES;
				SDKROOT = iphoneos;
				SWIFT_OPTIMIZATION_LEVEL = "-Onone";
			};
			name = Debug;
		};
		9979545B1D46530B009387C7 /* Release */ = {
			isa = XCBuildConfiguration;
			buildSettings = {
				ALWAYS_SEARCH_USER_PATHS = NO;
				CLANG_ANALYZER_NONNULL = YES;
				CLANG_CXX_LANGUAGE_STANDARD = "gnu++0x";
				CLANG_CXX_LIBRARY = "libc++";
				CLANG_ENABLE_MODULES = YES;
				CLANG_ENABLE_OBJC_ARC = YES;
				CLANG_WARN_BOOL_CONVERSION = YES;
				CLANG_WARN_CONSTANT_CONVERSION = YES;
				CLANG_WARN_DIRECT_OBJC_ISA_USAGE = YES_ERROR;
				CLANG_WARN_EMPTY_BODY = YES;
				CLANG_WARN_ENUM_CONVERSION = YES;
				CLANG_WARN_INT_CONVERSION = YES;
				CLANG_WARN_OBJC_ROOT_CLASS = YES_ERROR;
				CLANG_WARN_UNREACHABLE_CODE = YES;
				CLANG_WARN__DUPLICATE_METHOD_MATCH = YES;
				"CODE_SIGN_IDENTITY[sdk=iphoneos*]" = "iPhone Developer";
				COPY_PHASE_STRIP = NO;
				DEBUG_INFORMATION_FORMAT = "dwarf-with-dsym";
				ENABLE_NS_ASSERTIONS = NO;
				ENABLE_STRICT_OBJC_MSGSEND = YES;
				GCC_C_LANGUAGE_STANDARD = gnu99;
				GCC_NO_COMMON_BLOCKS = YES;
				GCC_WARN_64_TO_32_BIT_CONVERSION = YES;
				GCC_WARN_ABOUT_RETURN_TYPE = YES_ERROR;
				GCC_WARN_UNDECLARED_SELECTOR = YES;
				GCC_WARN_UNINITIALIZED_AUTOS = YES_AGGRESSIVE;
				GCC_WARN_UNUSED_FUNCTION = YES;
				GCC_WARN_UNUSED_VARIABLE = YES;
				IPHONEOS_DEPLOYMENT_TARGET = 9.3;
				MTL_ENABLE_DEBUG_INFO = NO;
				SDKROOT = iphoneos;
				VALIDATE_PRODUCT = YES;
			};
			name = Release;
		};
		9979545D1D46530B009387C7 /* Debug */ = {
			isa = XCBuildConfiguration;
			buildSettings = {
				ASSETCATALOG_COMPILER_APPICON_NAME = AppIcon;
				INFOPLIST_FILE = FirstKadaiApp/Info.plist;
				LD_RUNPATH_SEARCH_PATHS = "$(inherited) @executable_path/Frameworks";
				PRODUCT_BUNDLE_IDENTIFIER = jp.techacademy.ryosuke.hirate.FirstKadaiApp;
				PRODUCT_NAME = "$(TARGET_NAME)";
			};
			name = Debug;
		};
		9979545E1D46530B009387C7 /* Release */ = {
			isa = XCBuildConfiguration;
			buildSettings = {
				ASSETCATALOG_COMPILER_APPICON_NAME = AppIcon;
				INFOPLIST_FILE = FirstKadaiApp/Info.plist;
				LD_RUNPATH_SEARCH_PATHS = "$(inherited) @executable_path/Frameworks";
				PRODUCT_BUNDLE_IDENTIFIER = jp.techacademy.ryosuke.hirate.FirstKadaiApp;
				PRODUCT_NAME = "$(TARGET_NAME)";
			};
			name = Release;
		};
		997954601D46530B009387C7 /* Debug */ = {
			isa = XCBuildConfiguration;
			buildSettings = {
				BUNDLE_LOADER = "$(TEST_HOST)";
				INFOPLIST_FILE = FirstKadaiAppTests/Info.plist;
				LD_RUNPATH_SEARCH_PATHS = "$(inherited) @executable_path/Frameworks @loader_path/Frameworks";
				PRODUCT_BUNDLE_IDENTIFIER = jp.techacademy.ryosuke.hirate.FirstKadaiAppTests;
				PRODUCT_NAME = "$(TARGET_NAME)";
				TEST_HOST = "$(BUILT_PRODUCTS_DIR)/FirstKadaiApp.app/FirstKadaiApp";
			};
			name = Debug;
		};
		997954611D46530B009387C7 /* Release */ = {
			isa = XCBuildConfiguration;
			buildSettings = {
				BUNDLE_LOADER = "$(TEST_HOST)";
				INFOPLIST_FILE = FirstKadaiAppTests/Info.plist;
				LD_RUNPATH_SEARCH_PATHS = "$(inherited) @executable_path/Frameworks @loader_path/Frameworks";
				PRODUCT_BUNDLE_IDENTIFIER = jp.techacademy.ryosuke.hirate.FirstKadaiAppTests;
				PRODUCT_NAME = "$(TARGET_NAME)";
				TEST_HOST = "$(BUILT_PRODUCTS_DIR)/FirstKadaiApp.app/FirstKadaiApp";
			};
			name = Release;
		};
		997954631D46530B009387C7 /* Debug */ = {
			isa = XCBuildConfiguration;
			buildSettings = {
				INFOPLIST_FILE = FirstKadaiAppUITests/Info.plist;
				LD_RUNPATH_SEARCH_PATHS = "$(inherited) @executable_path/Frameworks @loader_path/Frameworks";
				PRODUCT_BUNDLE_IDENTIFIER = jp.techacademy.ryosuke.hirate.FirstKadaiAppUITests;
				PRODUCT_NAME = "$(TARGET_NAME)";
				TEST_TARGET_NAME = FirstKadaiApp;
			};
			name = Debug;
		};
		997954641D46530B009387C7 /* Release */ = {
			isa = XCBuildConfiguration;
			buildSettings = {
				INFOPLIST_FILE = FirstKadaiAppUITests/Info.plist;
				LD_RUNPATH_SEARCH_PATHS = "$(inherited) @executable_path/Frameworks @loader_path/Frameworks";
				PRODUCT_BUNDLE_IDENTIFIER = jp.techacademy.ryosuke.hirate.FirstKadaiAppUITests;
				PRODUCT_NAME = "$(TARGET_NAME)";
				TEST_TARGET_NAME = FirstKadaiApp;
			};
			name = Release;
		};
/* End XCBuildConfiguration section */

/* Begin XCConfigurationList section */
		9979542F1D46530B009387C7 /* Build configuration list for PBXProject "FirstKadaiApp" */ = {
			isa = XCConfigurationList;
			buildConfigurations = (
				9979545A1D46530B009387C7 /* Debug */,
				9979545B1D46530B009387C7 /* Release */,
			);
			defaultConfigurationIsVisible = 0;
			defaultConfigurationName = Release;
		};
		9979545C1D46530B009387C7 /* Build configuration list for PBXNativeTarget "FirstKadaiApp" */ = {
			isa = XCConfigurationList;
			buildConfigurations = (
				9979545D1D46530B009387C7 /* Debug */,
				9979545E1D46530B009387C7 /* Release */,
			);
			defaultConfigurationIsVisible = 0;
		};
		9979545F1D46530B009387C7 /* Build configuration list for PBXNativeTarget "FirstKadaiAppTests" */ = {
			isa = XCConfigurationList;
			buildConfigurations = (
				997954601D46530B009387C7 /* Debug */,
				997954611D46530B009387C7 /* Release */,
			);
			defaultConfigurationIsVisible = 0;
		};
		997954621D46530B009387C7 /* Build configuration list for PBXNativeTarget "FirstKadaiAppUITests" */ = {
			isa = XCConfigurationList;
			buildConfigurations = (
				997954631D46530B009387C7 /* Debug */,
				997954641D46530B009387C7 /* Release */,
			);
			defaultConfigurationIsVisible = 0;
		};
/* End XCConfigurationList section */
	};
	rootObject = 9979542C1D46530B009387C7 /* Project object */;
}
